{
    "_readme": [
        "This file locks the dependencies of your project to a known state",
        "Read more about it at https://getcomposer.org/doc/01-basic-usage.md#composer-lock-the-lock-file",
        "This file is @generated automatically"
    ],
    "hash": "7da9f91ef092868ad4417f8cb385a162",
    "content-hash": "482507b046822eb0c4c37f12fa3e5d4c",
    "packages": [
        {
            "name": "ivopetkov/html5-dom-document-php",
            "version": "v0.4.4",
            "source": {
                "type": "git",
                "url": "https://github.com/ivopetkov/html5-dom-document-php.git",
                "reference": "36807326250a5ee748affd9144290221e8543c53"
            },
            "dist": {
                "type": "zip",
                "url": "https://api.github.com/repos/ivopetkov/html5-dom-document-php/zipball/36807326250a5ee748affd9144290221e8543c53",
                "reference": "36807326250a5ee748affd9144290221e8543c53",
                "shasum": ""
            },
            "require": {
                "php": ">=5.5.0"
            },
            "require-dev": {
                "phpunit/phpunit": "^4.8"
            },
            "type": "library",
            "autoload": {
                "psr-4": {
                    "IvoPetkov\\": "src/"
                }
            },
            "notification-url": "https://packagist.org/downloads/",
            "license": [
                "MIT"
            ],
            "authors": [
                {
                    "name": "Ivo Petkov",
                    "email": "ivo@ivopetkov.com",
                    "homepage": "http://ivopetkov.com"
                }
            ],
            "description": "HTML5 DOMDocument PHP library (extends DOMDocument)",
            "time": "2017-01-31 12:52:04"
        }
    ],
    "packages-dev": [],
    "aliases": [],
    "minimum-stability": "stable",
    "stability-flags": [],
    "prefer-stable": false,
    "prefer-lowest": false,
    "platform": [],
    "platform-dev": []
}
